// !$*UTF8*$!
{
	archiveVersion = 1;
	classes = {
	};
	objectVersion = 48;
	objects = {

/* Begin PBXBuildFile section */
		AC441ABF2059DAB80003B961 /* AppDelegate.swift in Sources */ = {isa = PBXBuildFile; fileRef = AC441ABE2059DAB80003B961 /* AppDelegate.swift */; };
		AC441AC12059DAB80003B961 /* ViewController.swift in Sources */ = {isa = PBXBuildFile; fileRef = AC441AC02059DAB80003B961 /* ViewController.swift */; };
		AC441AC42059DAB80003B961 /* Main.storyboard in Resources */ = {isa = PBXBuildFile; fileRef = AC441AC22059DAB80003B961 /* Main.storyboard */; };
		AC441AC62059DAB80003B961 /* Assets.xcassets in Resources */ = {isa = PBXBuildFile; fileRef = AC441AC52059DAB80003B961 /* Assets.xcassets */; };
		AC441AC92059DAB80003B961 /* LaunchScreen.storyboard in Resources */ = {isa = PBXBuildFile; fileRef = AC441AC72059DAB80003B961 /* LaunchScreen.storyboard */; };
/* End PBXBuildFile section */

/* Begin PBXFileReference section */
		AC441ABB2059DAB80003B961 /* pensamentos.app */ = {isa = PBXFileReference; explicitFileType = wrapper.application; includeInIndex = 0; path = pensamentos.app; sourceTree = BUILT_PRODUCTS_DIR; };
		AC441ABE2059DAB80003B961 /* AppDelegate.swift */ = {isa = PBXFileReference; lastKnownFileType = sourcecode.swift; path = AppDelegate.swift; sourceTree = "<group>"; };
		AC441AC02059DAB80003B961 /* ViewController.swift */ = {isa = PBXFileReference; lastKnownFileType = sourcecode.swift; path = ViewController.swift; sourceTree = "<group>"; };
		AC441AC32059DAB80003B961 /* Base */ = {isa = PBXFileReference; lastKnownFileType = file.storyboard; name = Base; path = Base.lproj/Main.storyboard; sourceTree = "<group>"; };
		AC441AC52059DAB80003B961 /* Assets.xcassets */ = {isa = PBXFileReference; lastKnownFileType = folder.assetcatalog; path = Assets.xcassets; sourceTree = "<group>"; };
		AC441AC82059DAB80003B961 /* Base */ = {isa = PBXFileReference; lastKnownFileType = file.storyboard; name = Base; path = Base.lproj/LaunchScreen.storyboard; sourceTree = "<group>"; };
		AC441ACA2059DAB80003B961 /* Info.plist */ = {isa = PBXFileReference; lastKnownFileType = text.plist.xml; path = Info.plist; sourceTree = "<group>"; };
/* End PBXFileReference section */

/* Begin PBXFrameworksBuildPhase section */
		AC441AB82059DAB80003B961 /* Frameworks */ = {
			isa = PBXFrameworksBuildPhase;
			buildActionMask = 2147483647;
			files = (
			);
			runOnlyForDeploymentPostprocessing = 0;
		};
/* End PBXFrameworksBuildPhase section */

/* Begin PBXGroup section */
		AC441AB22059DAB80003B961 = {
			isa = PBXGroup;
			children = (
				AC441ABD2059DAB80003B961 /* pensamentos */,
				AC441ABC2059DAB80003B961 /* Products */,
			);
			sourceTree = "<group>";
		};
		AC441ABC2059DAB80003B961 /* Products */ = {
			isa = PBXGroup;
			children = (
				AC441ABB2059DAB80003B961 /* pensamentos.app */,
			);
			name = Products;
			sourceTree = "<group>";
		};
		AC441ABD2059DAB80003B961 /* pensamentos */ = {
			isa = PBXGroup;
			children = (
				AC441ABE2059DAB80003B961 /* AppDelegate.swift */,
				AC441AC02059DAB80003B961 /* ViewController.swift */,
				AC441AC22059DAB80003B961 /* Main.storyboard */,
				AC441AC52059DAB80003B961 /* Assets.xcassets */,
				AC441AC72059DAB80003B961 /* LaunchScreen.storyboard */,
				AC441ACA2059DAB80003B961 /* Info.plist */,
			);
			path = pensamentos;
			sourceTree = "<group>";
		};
/* End PBXGroup section */

/* Begin PBXNativeTarget section */
		AC441ABA2059DAB80003B961 /* pensamentos */ = {
			isa = PBXNativeTarget;
			buildConfigurationList = AC441ACD2059DAB80003B961 /* Build configuration list for PBXNativeTarget "pensamentos" */;
			buildPhases = (
				AC441AB72059DAB80003B961 /* Sources */,
				AC441AB82059DAB80003B961 /* Frameworks */,
				AC441AB92059DAB80003B961 /* Resources */,
			);
			buildRules = (
			);
			dependencies = (
			);
			name = pensamentos;
			productName = pensamentos;
			productReference = AC441ABB2059DAB80003B961 /* pensamentos.app */;
			productType = "com.apple.product-type.application";
		};
/* End PBXNativeTarget section */

/* Begin PBXProject section */
		AC441AB32059DAB80003B961 /* Project object */ = {
			isa = PBXProject;
			attributes = {
				LastSwiftUpdateCheck = 0920;
				LastUpgradeCheck = 0920;
				ORGANIZATIONNAME = Fiap;
				TargetAttributes = {
					AC441ABA2059DAB80003B961 = {
						CreatedOnToolsVersion = 9.2;
						ProvisioningStyle = Automatic;
					};
				};
			};
			buildConfigurationList = AC441AB62059DAB80003B961 /* Build configuration list for PBXProject "pensamentos" */;
			compatibilityVersion = "Xcode 8.0";
			developmentRegion = en;
			hasScannedForEncodings = 0;
			knownRegions = (
				en,
				Base,
			);
			mainGroup = AC441AB22059DAB80003B961;
			productRefGroup = AC441ABC2059DAB80003B961 /* Products */;
			projectDirPath = "";
			projectRoot = "";
			targets = (
				AC441ABA2059DAB80003B961 /* pensamentos */,
			);
		};
/* End PBXProject section */

/* Begin PBXResourcesBuildPhase section */
		AC441AB92059DAB80003B961 /* Resources */ = {
			isa = PBXResourcesBuildPhase;
			buildActionMask = 2147483647;
			files = (
				AC441AC92059DAB80003B961 /* LaunchScreen.storyboard in Resources */,
				AC441AC62059DAB80003B961 /* Assets.xcassets in Resources */,
				AC441AC42059DAB80003B961 /* Main.storyboard in Resources */,
			);
			runOnlyForDeploymentPostprocessing = 0;
		};
/* End PBXResourcesBuildPhase section */

/* Begin PBXSourcesBuildPhase section */
		AC441AB72059DAB80003B961 /* Sources */ = {
			isa = PBXSourcesBuildPhase;
			buildActionMask = 2147483647;
			files = (
				AC441AC12059DAB80003B961 /* ViewController.swift in Sources */,
				AC441ABF2059DAB80003B961 /* AppDelegate.swift in Sources */,
			);
			runOnlyForDeploymentPostprocessing = 0;
		};
/* End PBXSourcesBuildPhase section */

/* Begin PBXVariantGroup section */
		AC441AC22059DAB80003B961 /* Main.storyboard */ = {
			isa = PBXVariantGroup;
			children = (
				AC441AC32059DAB80003B961 /* Base */,
			);
			name = Main.storyboard;
			sourceTree = "<group>";
		};
		AC441AC72059DAB80003B961 /* LaunchScreen.storyboard */ = {
			isa = PBXVariantGroup;
			children = (
				AC441AC82059DAB80003B961 /* Base */,
			);
			name = LaunchScreen.storyboard;
			sourceTree = "<group>";
		};
/* End PBXVariantGroup section */

/* Begin XCBuildConfiguration section */
		AC441ACB2059DAB80003B961 /* Debug */ = {
			isa = XCBuildConfiguration;
			buildSettings = {
				ALWAYS_SEARCH_USER_PATHS = NO;
				CLANG_ANALYZER_NONNULL = YES;
				CLANG_ANALYZER_NUMBER_OBJECT_CONVERSION = YES_AGGRESSIVE;
				CLANG_CXX_LANGUAGE_STANDARD = "gnu++14";
				CLANG_CXX_LIBRARY = "libc++";
				CLANG_ENABLE_MODULES = YES;
				CLANG_ENABLE_OBJC_ARC = YES;
				CLANG_WARN_BLOCK_CAPTURE_AUTORELEASING = YES;
				CLANG_WARN_BOOL_CONVERSION = YES;
				CLANG_WARN_COMMA = YES;
				CLANG_WARN_CONSTANT_CONVERSION = YES;
				CLANG_WARN_DIRECT_OBJC_ISA_USAGE = YES_ERROR;
				CLANG_WARN_DOCUMENTATION_COMMENTS = YES;
				CLANG_WARN_EMPTY_BODY = YES;
				CLANG_WARN_ENUM_CONVERSION = YES;
				CLANG_WARN_INFINITE_RECURSION = YES;
				CLANG_WARN_INT_CONVERSION = YES;
				CLANG_WARN_NON_LITERAL_NULL_CONVERSION = YES;
				CLANG_WARN_OBJC_LITERAL_CONVERSION = YES;
				CLANG_WARN_OBJC_ROOT_CLASS = YES_ERROR;
				CLANG_WARN_RANGE_LOOP_ANALYSIS = YES;
				CLANG_WARN_STRICT_PROTOTYPES = YES;
				CLANG_WARN_SUSPICIOUS_MOVE = YES;
				CLANG_WARN_UNGUARDED_AVAILABILITY = YES_AGGRESSIVE;
				CLANG_WARN_UNREACHABLE_CODE = YES;
				CLANG_WARN__DUPLICATE_METHOD_MATCH = YES;
				CODE_SIGN_IDENTITY = "iPhone Developer";
				COPY_PHASE_STRIP = NO;
				DEBUG_INFORMATION_FORMAT = dwarf;
				ENABLE_STRICT_OBJC_MSGSEND = YES;
				ENABLE_TESTABILITY = YES;
				GCC_C_LANGUAGE_STANDARD = gnu11;
				GCC_DYNAMIC_NO_PIC = NO;
				GCC_NO_COMMON_BLOCKS = YES;
				GCC_OPTIMIZATION_LEVEL = 0;
				GCC_PREPROCESSOR_DEFINITIONS = (
					"DEBUG=1",
					"$(inherited)",
				);
				GCC_WARN_64_TO_32_BIT_CONVERSION = YES;
				GCC_WARN_ABOUT_RETURN_TYPE = YES_ERROR;
				GCC_WARN_UNDECLARED_SELECTOR = YES;
				GCC_WARN_UNINITIALIZED_AUTOS = YES_AGGRESSIVE;
				GCC_WARN_UNUSED_FUNCTION = YES;
				GCC_WARN_UNUSED_VARIABLE = YES;
				IPHONEOS_DEPLOYMENT_TARGET = 11.2;
				MTL_ENABLE_DEBUG_INFO = YES;
				ONLY_ACTIVE_ARCH = YES;
				SDKROOT = iphoneos;
				SWIFT_ACTIVE_COMPILATION_CONDITIONS = DEBUG;
				SWIFT_OPTIMIZATION_LEVEL = "-Onone";
			};
			name = Debug;
		};
		AC441ACC2059DAB80003B961 /* Release */ = {
			isa = XCBuildConfiguration;
			buildSettings = {
				ALWAYS_SEARCH_USER_PATHS = NO;
				CLANG_ANALYZER_NONNULL = YES;
				CLANG_ANALYZER_NUMBER_OBJECT_CONVERSION = YES_AGGRESSIVE;
				CLANG_CXX_LANGUAGE_STANDARD = "gnu++14";
				CLANG_CXX_LIBRARY = "libc++";
				CLANG_ENABLE_MODULES = YES;
				CLANG_ENABLE_OBJC_ARC = YES;
				CLANG_WARN_BLOCK_CAPTURE_AUTORELEASING = YES;
				CLANG_WARN_BOOL_CONVERSION = YES;
				CLANG_WARN_COMMA = YES;
				CLANG_WARN_CONSTANT_CONVERSION = YES;
				CLANG_WARN_DIRECT_OBJC_ISA_USAGE = YES_ERROR;
				CLANG_WARN_DOCUMENTATION_COMMENTS = YES;
				CLANG_WARN_EMPTY_BODY = YES;
				CLANG_WARN_ENUM_CONVERSION = YES;
				CLANG_WARN_INFINITE_RECURSION = YES;
				CLANG_WARN_INT_CONVERSION = YES;
				CLANG_WARN_NON_LITERAL_NULL_CONVERSION = YES;
				CLANG_WARN_OBJC_LITERAL_CONVERSION = YES;
				CLANG_WARN_OBJC_ROOT_CLASS = YES_ERROR;
				CLANG_WARN_RANGE_LOOP_ANALYSIS = YES;
				CLANG_WARN_STRICT_PROTOTYPES = YES;
				CLANG_WARN_SUSPICIOUS_MOVE = YES;
				CLANG_WARN_UNGUARDED_AVAILABILITY = YES_AGGRESSIVE;
				CLANG_WARN_UNREACHABLE_CODE = YES;
				CLANG_WARN__DUPLICATE_METHOD_MATCH = YES;
				CODE_SIGN_IDENTITY = "iPhone Developer";
				COPY_PHASE_STRIP = NO;
				DEBUG_INFORMATION_FORMAT = "dwarf-with-dsym";
				ENABLE_NS_ASSERTIONS = NO;
				ENABLE_STRICT_OBJC_MSGSEND = YES;
				GCC_C_LANGUAGE_STANDARD = gnu11;
				GCC_NO_COMMON_BLOCKS = YES;
				GCC_WARN_64_TO_32_BIT_CONVERSION = YES;
				GCC_WARN_ABOUT_RETURN_TYPE = YES_ERROR;
				GCC_WARN_UNDECLARED_SELECTOR = YES;
				GCC_WARN_UNINITIALIZED_AUTOS = YES_AGGRESSIVE;
				GCC_WARN_UNUSED_FUNCTION = YES;
				GCC_WARN_UNUSED_VARIABLE = YES;
				IPHONEOS_DEPLOYMENT_TARGET = 11.2;
				MTL_ENABLE_DEBUG_INFO = NO;
				SDKROOT = iphoneos;
				SWIFT_OPTIMIZATION_LEVEL = "-Owholemodule";
				VALIDATE_PRODUCT = YES;
			};
			name = Release;
		};
		AC441ACE2059DAB80003B961 /* Debug */ = {
			isa = XCBuildConfiguration;
			buildSettings = {
				ASSETCATALOG_COMPILER_APPICON_NAME = AppIcon;
				CODE_SIGN_STYLE = Automatic;
				INFOPLIST_FILE = pensamentos/Info.plist;
				LD_RUNPATH_SEARCH_PATHS = "$(inherited) @executable_path/Frameworks";
				PRODUCT_BUNDLE_IDENTIFIER = br.com.fiap.pensamentos;
				PRODUCT_NAME = "$(TARGET_NAME)";
				SWIFT_VERSION = 4.0;
				TARGETED_DEVICE_FAMILY = "1,2";
			};
			name = Debug;
		};
		AC441ACF2059DAB80003B961 /* Release */ = {
			isa = XCBuildConfiguration;
			buildSettings = {
				ASSETCATALOG_COMPILER_APPICON_NAME = AppIcon;
				CODE_SIGN_STYLE = Automatic;
				INFOPLIST_FILE = pensamentos/Info.plist;
				LD_RUNPATH_SEARCH_PATHS = "$(inherited) @executable_path/Frameworks";
				PRODUCT_BUNDLE_IDENTIFIER = br.com.fiap.pensamentos;
				PRODUCT_NAME = "$(TARGET_NAME)";
				SWIFT_VERSION = 4.0;
				TARGETED_DEVICE_FAMILY = "1,2";
			};
			name = Release;
		};
/* End XCBuildConfiguration section */

/* Begin XCConfigurationList section */
		AC441AB62059DAB80003B961 /* Build configuration list for PBXProject "pensamentos" */ = {
			isa = XCConfigurationList;
			buildConfigurations = (
				AC441ACB2059DAB80003B961 /* Debug */,
				AC441ACC2059DAB80003B961 /* Release */,
			);
			defaultConfigurationIsVisible = 0;
			defaultConfigurationName = Release;
		};
		AC441ACD2059DAB80003B961 /* Build configuration list for PBXNativeTarget "pensamentos" */ = {
			isa = XCConfigurationList;
			buildConfigurations = (
				AC441ACE2059DAB80003B961 /* Debug */,
				AC441ACF2059DAB80003B961 /* Release */,
			);
			defaultConfigurationIsVisible = 0;
			defaultConfigurationName = Release;
		};
/* End XCConfigurationList section */
	};
	rootObject = AC441AB32059DAB80003B961 /* Project object */;
}
